
Microsoft Visual Studio Solution File, Format Version 12.00
# Visual Studio 15
VisualStudioVersion = 15.0.26730.10
MinimumVisualStudioVersion = 10.0.40219.1
Project("{FAE04EC0-301F-11D3-BF4B-00C04F79EFBC}") = "Products.Android", "Products\Products.Android\Products.Android.csproj", "{8E515E60-E9A0-4652-9D97-5D1C92B92C6E}"
EndProject
Project("{FAE04EC0-301F-11D3-BF4B-00C04F79EFBC}") = "Products", "Products\Products\Products.csproj", "{18F0D286-C36D-4E09-A581-ECE98084EC66}"
EndProject
Project("{FAE04EC0-301F-11D3-BF4B-00C04F79EFBC}") = "Products.UWP", "Products\Products.UWP\Products.UWP.csproj", "{E749FA1F-A7BD-4B0A-A21C-FE21A7099009}"
EndProject
Project("{FAE04EC0-301F-11D3-BF4B-00C04F79EFBC}") = "Products.iOS", "Products\Products.iOS\Products.iOS.csproj", "{1523C2F4-F3F0-4009-BEA4-9BA288444308}"
EndProject
Project("{FAE04EC0-301F-11D3-BF4B-00C04F79EFBC}") = "ProductsDomain", "..\ProductsDomain\ProductsDomain.csproj", "{4AE60DC3-3D11-46BF-B8A3-256A2A9857C3}"
EndProject
Project("{FAE04EC0-301F-11D3-BF4B-00C04F79EFBC}") = "ProductsBackend", "ProductsBackend\ProductsBackend.csproj", "{302F64C0-90C5-45BB-AA54-23E0BDDBA241}"
EndProject
Project("{FAE04EC0-301F-11D3-BF4B-00C04F79EFBC}") = "ProductsAPI", "ProductsAPI\ProductsAPI.csproj", "{385E3624-23E0-413D-A290-8A23BB7B62EB}"
EndProject
Global
	GlobalSection(SolutionConfigurationPlatforms) = preSolution
		Ad-Hoc|Any CPU = Ad-Hoc|Any CPU
		Ad-Hoc|ARM = Ad-Hoc|ARM
		Ad-Hoc|iPhone = Ad-Hoc|iPhone
		Ad-Hoc|iPhoneSimulator = Ad-Hoc|iPhoneSimulator
		Ad-Hoc|x64 = Ad-Hoc|x64
		Ad-Hoc|x86 = Ad-Hoc|x86
		AppStore|Any CPU = AppStore|Any CPU
		AppStore|ARM = AppStore|ARM
		AppStore|iPhone = AppStore|iPhone
		AppStore|iPhoneSimulator = AppStore|iPhoneSimulator
		AppStore|x64 = AppStore|x64
		AppStore|x86 = AppStore|x86
		Debug|Any CPU = Debug|Any CPU
		Debug|ARM = Debug|ARM
		Debug|iPhone = Debug|iPhone
		Debug|iPhoneSimulator = Debug|iPhoneSimulator
		Debug|x64 = Debug|x64
		Debug|x86 = Debug|x86
		Release|Any CPU = Release|Any CPU
		Release|ARM = Release|ARM
		Release|iPhone = Release|iPhone
		Release|iPhoneSimulator = Release|iPhoneSimulator
		Release|x64 = Release|x64
		Release|x86 = Release|x86
	EndGlobalSection
	GlobalSection(ProjectConfigurationPlatforms) = postSolution
		{8E515E60-E9A0-4652-9D97-5D1C92B92C6E}.Ad-Hoc|Any CPU.ActiveCfg = Release|Any CPU
		{8E515E60-E9A0-4652-9D97-5D1C92B92C6E}.Ad-Hoc|Any CPU.Build.0 = Release|Any CPU
		{8E515E60-E9A0-4652-9D97-5D1C92B92C6E}.Ad-Hoc|Any CPU.Deploy.0 = Release|Any CPU
		{8E515E60-E9A0-4652-9D97-5D1C92B92C6E}.Ad-Hoc|ARM.ActiveCfg = Release|Any CPU
		{8E515E60-E9A0-4652-9D97-5D1C92B92C6E}.Ad-Hoc|ARM.Build.0 = Release|Any CPU
		{8E515E60-E9A0-4652-9D97-5D1C92B92C6E}.Ad-Hoc|ARM.Deploy.0 = Release|Any CPU
		{8E515E60-E9A0-4652-9D97-5D1C92B92C6E}.Ad-Hoc|iPhone.ActiveCfg = Release|Any CPU
		{8E515E60-E9A0-4652-9D97-5D1C92B92C6E}.Ad-Hoc|iPhone.Build.0 = Release|Any CPU
		{8E515E60-E9A0-4652-9D97-5D1C92B92C6E}.Ad-Hoc|iPhone.Deploy.0 = Release|Any CPU
		{8E515E60-E9A0-4652-9D97-5D1C92B92C6E}.Ad-Hoc|iPhoneSimulator.ActiveCfg = Release|Any CPU
		{8E515E60-E9A0-4652-9D97-5D1C92B92C6E}.Ad-Hoc|iPhoneSimulator.Build.0 = Release|Any CPU
		{8E515E60-E9A0-4652-9D97-5D1C92B92C6E}.Ad-Hoc|iPhoneSimulator.Deploy.0 = Release|Any CPU
		{8E515E60-E9A0-4652-9D97-5D1C92B92C6E}.Ad-Hoc|x64.ActiveCfg = Release|Any CPU
		{8E515E60-E9A0-4652-9D97-5D1C92B92C6E}.Ad-Hoc|x64.Build.0 = Release|Any CPU
		{8E515E60-E9A0-4652-9D97-5D1C92B92C6E}.Ad-Hoc|x64.Deploy.0 = Release|Any CPU
		{8E515E60-E9A0-4652-9D97-5D1C92B92C6E}.Ad-Hoc|x86.ActiveCfg = Release|Any CPU
		{8E515E60-E9A0-4652-9D97-5D1C92B92C6E}.Ad-Hoc|x86.Build.0 = Release|Any CPU
		{8E515E60-E9A0-4652-9D97-5D1C92B92C6E}.Ad-Hoc|x86.Deploy.0 = Release|Any CPU
		{8E515E60-E9A0-4652-9D97-5D1C92B92C6E}.AppStore|Any CPU.ActiveCfg = Release|Any CPU
		{8E515E60-E9A0-4652-9D97-5D1C92B92C6E}.AppStore|Any CPU.Build.0 = Release|Any CPU
		{8E515E60-E9A0-4652-9D97-5D1C92B92C6E}.AppStore|Any CPU.Deploy.0 = Release|Any CPU
		{8E515E60-E9A0-4652-9D97-5D1C92B92C6E}.AppStore|ARM.ActiveCfg = Release|Any CPU
		{8E515E60-E9A0-4652-9D97-5D1C92B92C6E}.AppStore|ARM.Build.0 = Release|Any CPU
		{8E515E60-E9A0-4652-9D97-5D1C92B92C6E}.AppStore|ARM.Deploy.0 = Release|Any CPU
		{8E515E60-E9A0-4652-9D97-5D1C92B92C6E}.AppStore|iPhone.ActiveCfg = Release|Any CPU
		{8E515E60-E9A0-4652-9D97-5D1C92B92C6E}.AppStore|iPhone.Build.0 = Release|Any CPU
		{8E515E60-E9A0-4652-9D97-5D1C92B92C6E}.AppStore|iPhone.Deploy.0 = Release|Any CPU
		{8E515E60-E9A0-4652-9D97-5D1C92B92C6E}.AppStore|iPhoneSimulator.ActiveCfg = Release|Any CPU
		{8E515E60-E9A0-4652-9D97-5D1C92B92C6E}.AppStore|iPhoneSimulator.Build.0 = Release|Any CPU
		{8E515E60-E9A0-4652-9D97-5D1C92B92C6E}.AppStore|iPhoneSimulator.Deploy.0 = Release|Any CPU
		{8E515E60-E9A0-4652-9D97-5D1C92B92C6E}.AppStore|x64.ActiveCfg = Release|Any CPU
		{8E515E60-E9A0-4652-9D97-5D1C92B92C6E}.AppStore|x64.Build.0 = Release|Any CPU
		{8E515E60-E9A0-4652-9D97-5D1C92B92C6E}.AppStore|x64.Deploy.0 = Release|Any CPU
		{8E515E60-E9A0-4652-9D97-5D1C92B92C6E}.AppStore|x86.ActiveCfg = Release|Any CPU
		{8E515E60-E9A0-4652-9D97-5D1C92B92C6E}.AppStore|x86.Build.0 = Release|Any CPU
		{8E515E60-E9A0-4652-9D97-5D1C92B92C6E}.AppStore|x86.Deploy.0 = Release|Any CPU
		{8E515E60-E9A0-4652-9D97-5D1C92B92C6E}.Debug|Any CPU.ActiveCfg = Debug|Any CPU
		{8E515E60-E9A0-4652-9D97-5D1C92B92C6E}.Debug|Any CPU.Build.0 = Debug|Any CPU
		{8E515E60-E9A0-4652-9D97-5D1C92B92C6E}.Debug|Any CPU.Deploy.0 = Debug|Any CPU
		{8E515E60-E9A0-4652-9D97-5D1C92B92C6E}.Debug|ARM.ActiveCfg = Debug|Any CPU
		{8E515E60-E9A0-4652-9D97-5D1C92B92C6E}.Debug|ARM.Build.0 = Debug|Any CPU
		{8E515E60-E9A0-4652-9D97-5D1C92B92C6E}.Debug|ARM.Deploy.0 = Debug|Any CPU
		{8E515E60-E9A0-4652-9D97-5D1C92B92C6E}.Debug|iPhone.ActiveCfg = Debug|Any CPU
		{8E515E60-E9A0-4652-9D97-5D1C92B92C6E}.Debug|iPhone.Build.0 = Debug|Any CPU
		{8E515E60-E9A0-4652-9D97-5D1C92B92C6E}.Debug|iPhone.Deploy.0 = Debug|Any CPU
		{8E515E60-E9A0-4652-9D97-5D1C92B92C6E}.Debug|iPhoneSimulator.ActiveCfg = Debug|Any CPU
		{8E515E60-E9A0-4652-9D97-5D1C92B92C6E}.Debug|iPhoneSimulator.Build.0 = Debug|Any CPU
		{8E515E60-E9A0-4652-9D97-5D1C92B92C6E}.Debug|iPhoneSimulator.Deploy.0 = Debug|Any CPU
		{8E515E60-E9A0-4652-9D97-5D1C92B92C6E}.Debug|x64.ActiveCfg = Debug|Any CPU
		{8E515E60-E9A0-4652-9D97-5D1C92B92C6E}.Debug|x64.Build.0 = Debug|Any CPU
		{8E515E60-E9A0-4652-9D97-5D1C92B92C6E}.Debug|x64.Deploy.0 = Debug|Any CPU
		{8E515E60-E9A0-4652-9D97-5D1C92B92C6E}.Debug|x86.ActiveCfg = Debug|Any CPU
		{8E515E60-E9A0-4652-9D97-5D1C92B92C6E}.Debug|x86.Build.0 = Debug|Any CPU
		{8E515E60-E9A0-4652-9D97-5D1C92B92C6E}.Debug|x86.Deploy.0 = Debug|Any CPU
		{8E515E60-E9A0-4652-9D97-5D1C92B92C6E}.Release|Any CPU.ActiveCfg = Release|Any CPU
		{8E515E60-E9A0-4652-9D97-5D1C92B92C6E}.Release|Any CPU.Build.0 = Release|Any CPU
		{8E515E60-E9A0-4652-9D97-5D1C92B92C6E}.Release|Any CPU.Deploy.0 = Release|Any CPU
		{8E515E60-E9A0-4652-9D97-5D1C92B92C6E}.Release|ARM.ActiveCfg = Release|Any CPU
		{8E515E60-E9A0-4652-9D97-5D1C92B92C6E}.Release|ARM.Build.0 = Release|Any CPU
		{8E515E60-E9A0-4652-9D97-5D1C92B92C6E}.Release|ARM.Deploy.0 = Release|Any CPU
		{8E515E60-E9A0-4652-9D97-5D1C92B92C6E}.Release|iPhone.ActiveCfg = Release|Any CPU
		{8E515E60-E9A0-4652-9D97-5D1C92B92C6E}.Release|iPhone.Build.0 = Release|Any CPU
		{8E515E60-E9A0-4652-9D97-5D1C92B92C6E}.Release|iPhone.Deploy.0 = Release|Any CPU
		{8E515E60-E9A0-4652-9D97-5D1C92B92C6E}.Release|iPhoneSimulator.ActiveCfg = Release|Any CPU
		{8E515E60-E9A0-4652-9D97-5D1C92B92C6E}.Release|iPhoneSimulator.Build.0 = Release|Any CPU
		{8E515E60-E9A0-4652-9D97-5D1C92B92C6E}.Release|iPhoneSimulator.Deploy.0 = Release|Any CPU
		{8E515E60-E9A0-4652-9D97-5D1C92B92C6E}.Release|x64.ActiveCfg = Release|Any CPU
		{8E515E60-E9A0-4652-9D97-5D1C92B92C6E}.Release|x64.Build.0 = Release|Any CPU
		{8E515E60-E9A0-4652-9D97-5D1C92B92C6E}.Release|x64.Deploy.0 = Release|Any CPU
		{8E515E60-E9A0-4652-9D97-5D1C92B92C6E}.Release|x86.ActiveCfg = Release|Any CPU
		{8E515E60-E9A0-4652-9D97-5D1C92B92C6E}.Release|x86.Build.0 = Release|Any CPU
		{8E515E60-E9A0-4652-9D97-5D1C92B92C6E}.Release|x86.Deploy.0 = Release|Any CPU
		{18F0D286-C36D-4E09-A581-ECE98084EC66}.Ad-Hoc|Any CPU.ActiveCfg = Release|Any CPU
		{18F0D286-C36D-4E09-A581-ECE98084EC66}.Ad-Hoc|Any CPU.Build.0 = Release|Any CPU
		{18F0D286-C36D-4E09-A581-ECE98084EC66}.Ad-Hoc|ARM.ActiveCfg = Release|Any CPU
		{18F0D286-C36D-4E09-A581-ECE98084EC66}.Ad-Hoc|ARM.Build.0 = Release|Any CPU
		{18F0D286-C36D-4E09-A581-ECE98084EC66}.Ad-Hoc|iPhone.ActiveCfg = Release|Any CPU
		{18F0D286-C36D-4E09-A581-ECE98084EC66}.Ad-Hoc|iPhone.Build.0 = Release|Any CPU
		{18F0D286-C36D-4E09-A581-ECE98084EC66}.Ad-Hoc|iPhoneSimulator.ActiveCfg = Release|Any CPU
		{18F0D286-C36D-4E09-A581-ECE98084EC66}.Ad-Hoc|iPhoneSimulator.Build.0 = Release|Any CPU
		{18F0D286-C36D-4E09-A581-ECE98084EC66}.Ad-Hoc|x64.ActiveCfg = Release|Any CPU
		{18F0D286-C36D-4E09-A581-ECE98084EC66}.Ad-Hoc|x64.Build.0 = Release|Any CPU
		{18F0D286-C36D-4E09-A581-ECE98084EC66}.Ad-Hoc|x86.ActiveCfg = Release|Any CPU
		{18F0D286-C36D-4E09-A581-ECE98084EC66}.Ad-Hoc|x86.Build.0 = Release|Any CPU
		{18F0D286-C36D-4E09-A581-ECE98084EC66}.AppStore|Any CPU.ActiveCfg = Release|Any CPU
		{18F0D286-C36D-4E09-A581-ECE98084EC66}.AppStore|Any CPU.Build.0 = Release|Any CPU
		{18F0D286-C36D-4E09-A581-ECE98084EC66}.AppStore|ARM.ActiveCfg = Release|Any CPU
		{18F0D286-C36D-4E09-A581-ECE98084EC66}.AppStore|ARM.Build.0 = Release|Any CPU
		{18F0D286-C36D-4E09-A581-ECE98084EC66}.AppStore|iPhone.ActiveCfg = Release|Any CPU
		{18F0D286-C36D-4E09-A581-ECE98084EC66}.AppStore|iPhone.Build.0 = Release|Any CPU
		{18F0D286-C36D-4E09-A581-ECE98084EC66}.AppStore|iPhoneSimulator.ActiveCfg = Release|Any CPU
		{18F0D286-C36D-4E09-A581-ECE98084EC66}.AppStore|iPhoneSimulator.Build.0 = Release|Any CPU
		{18F0D286-C36D-4E09-A581-ECE98084EC66}.AppStore|x64.ActiveCfg = Release|Any CPU
		{18F0D286-C36D-4E09-A581-ECE98084EC66}.AppStore|x64.Build.0 = Release|Any CPU
		{18F0D286-C36D-4E09-A581-ECE98084EC66}.AppStore|x86.ActiveCfg = Release|Any CPU
		{18F0D286-C36D-4E09-A581-ECE98084EC66}.AppStore|x86.Build.0 = Release|Any CPU
		{18F0D286-C36D-4E09-A581-ECE98084EC66}.Debug|Any CPU.ActiveCfg = Debug|Any CPU
		{18F0D286-C36D-4E09-A581-ECE98084EC66}.Debug|Any CPU.Build.0 = Debug|Any CPU
		{18F0D286-C36D-4E09-A581-ECE98084EC66}.Debug|ARM.ActiveCfg = Debug|Any CPU
		{18F0D286-C36D-4E09-A581-ECE98084EC66}.Debug|ARM.Build.0 = Debug|Any CPU
		{18F0D286-C36D-4E09-A581-ECE98084EC66}.Debug|iPhone.ActiveCfg = Debug|Any CPU
		{18F0D286-C36D-4E09-A581-ECE98084EC66}.Debug|iPhone.Build.0 = Debug|Any CPU
		{18F0D286-C36D-4E09-A581-ECE98084EC66}.Debug|iPhoneSimulator.ActiveCfg = Debug|Any CPU
		{18F0D286-C36D-4E09-A581-ECE98084EC66}.Debug|iPhoneSimulator.Build.0 = Debug|Any CPU
		{18F0D286-C36D-4E09-A581-ECE98084EC66}.Debug|x64.ActiveCfg = Debug|Any CPU
		{18F0D286-C36D-4E09-A581-ECE98084EC66}.Debug|x64.Build.0 = Debug|Any CPU
		{18F0D286-C36D-4E09-A581-ECE98084EC66}.Debug|x86.ActiveCfg = Debug|Any CPU
		{18F0D286-C36D-4E09-A581-ECE98084EC66}.Debug|x86.Build.0 = Debug|Any CPU
		{18F0D286-C36D-4E09-A581-ECE98084EC66}.Release|Any CPU.ActiveCfg = Release|Any CPU
		{18F0D286-C36D-4E09-A581-ECE98084EC66}.Release|Any CPU.Build.0 = Release|Any CPU
		{18F0D286-C36D-4E09-A581-ECE98084EC66}.Release|ARM.ActiveCfg = Release|Any CPU
		{18F0D286-C36D-4E09-A581-ECE98084EC66}.Release|ARM.Build.0 = Release|Any CPU
		{18F0D286-C36D-4E09-A581-ECE98084EC66}.Release|iPhone.ActiveCfg = Release|Any CPU
		{18F0D286-C36D-4E09-A581-ECE98084EC66}.Release|iPhone.Build.0 = Release|Any CPU
		{18F0D286-C36D-4E09-A581-ECE98084EC66}.Release|iPhoneSimulator.ActiveCfg = Release|Any CPU
		{18F0D286-C36D-4E09-A581-ECE98084EC66}.Release|iPhoneSimulator.Build.0 = Release|Any CPU
		{18F0D286-C36D-4E09-A581-ECE98084EC66}.Release|x64.ActiveCfg = Release|Any CPU
		{18F0D286-C36D-4E09-A581-ECE98084EC66}.Release|x64.Build.0 = Release|Any CPU
		{18F0D286-C36D-4E09-A581-ECE98084EC66}.Release|x86.ActiveCfg = Release|Any CPU
		{18F0D286-C36D-4E09-A581-ECE98084EC66}.Release|x86.Build.0 = Release|Any CPU
		{E749FA1F-A7BD-4B0A-A21C-FE21A7099009}.Ad-Hoc|Any CPU.ActiveCfg = Release|x86
		{E749FA1F-A7BD-4B0A-A21C-FE21A7099009}.Ad-Hoc|Any CPU.Build.0 = Release|x86
		{E749FA1F-A7BD-4B0A-A21C-FE21A7099009}.Ad-Hoc|Any CPU.Deploy.0 = Release|x86
		{E749FA1F-A7BD-4B0A-A21C-FE21A7099009}.Ad-Hoc|ARM.ActiveCfg = Release|ARM
		{E749FA1F-A7BD-4B0A-A21C-FE21A7099009}.Ad-Hoc|ARM.Build.0 = Release|ARM
		{E749FA1F-A7BD-4B0A-A21C-FE21A7099009}.Ad-Hoc|ARM.Deploy.0 = Release|ARM
		{E749FA1F-A7BD-4B0A-A21C-FE21A7099009}.Ad-Hoc|iPhone.ActiveCfg = Release|x86
		{E749FA1F-A7BD-4B0A-A21C-FE21A7099009}.Ad-Hoc|iPhone.Build.0 = Release|x86
		{E749FA1F-A7BD-4B0A-A21C-FE21A7099009}.Ad-Hoc|iPhone.Deploy.0 = Release|x86
		{E749FA1F-A7BD-4B0A-A21C-FE21A7099009}.Ad-Hoc|iPhoneSimulator.ActiveCfg = Release|x86
		{E749FA1F-A7BD-4B0A-A21C-FE21A7099009}.Ad-Hoc|iPhoneSimulator.Build.0 = Release|x86
		{E749FA1F-A7BD-4B0A-A21C-FE21A7099009}.Ad-Hoc|iPhoneSimulator.Deploy.0 = Release|x86
		{E749FA1F-A7BD-4B0A-A21C-FE21A7099009}.Ad-Hoc|x64.ActiveCfg = Release|x64
		{E749FA1F-A7BD-4B0A-A21C-FE21A7099009}.Ad-Hoc|x64.Build.0 = Release|x64
		{E749FA1F-A7BD-4B0A-A21C-FE21A7099009}.Ad-Hoc|x64.Deploy.0 = Release|x64
		{E749FA1F-A7BD-4B0A-A21C-FE21A7099009}.Ad-Hoc|x86.ActiveCfg = Release|x86
		{E749FA1F-A7BD-4B0A-A21C-FE21A7099009}.Ad-Hoc|x86.Build.0 = Release|x86
		{E749FA1F-A7BD-4B0A-A21C-FE21A7099009}.Ad-Hoc|x86.Deploy.0 = Release|x86
		{E749FA1F-A7BD-4B0A-A21C-FE21A7099009}.AppStore|Any CPU.ActiveCfg = Release|x86
		{E749FA1F-A7BD-4B0A-A21C-FE21A7099009}.AppStore|Any CPU.Build.0 = Release|x86
		{E749FA1F-A7BD-4B0A-A21C-FE21A7099009}.AppStore|Any CPU.Deploy.0 = Release|x86
		{E749FA1F-A7BD-4B0A-A21C-FE21A7099009}.AppStore|ARM.ActiveCfg = Release|ARM
		{E749FA1F-A7BD-4B0A-A21C-FE21A7099009}.AppStore|ARM.Build.0 = Release|ARM
		{E749FA1F-A7BD-4B0A-A21C-FE21A7099009}.AppStore|ARM.Deploy.0 = Release|ARM
		{E749FA1F-A7BD-4B0A-A21C-FE21A7099009}.AppStore|iPhone.ActiveCfg = Release|x86
		{E749FA1F-A7BD-4B0A-A21C-FE21A7099009}.AppStore|iPhone.Build.0 = Release|x86
		{E749FA1F-A7BD-4B0A-A21C-FE21A7099009}.AppStore|iPhone.Deploy.0 = Release|x86
		{E749FA1F-A7BD-4B0A-A21C-FE21A7099009}.AppStore|iPhoneSimulator.ActiveCfg = Release|x86
		{E749FA1F-A7BD-4B0A-A21C-FE21A7099009}.AppStore|iPhoneSimulator.Build.0 = Release|x86
		{E749FA1F-A7BD-4B0A-A21C-FE21A7099009}.AppStore|iPhoneSimulator.Deploy.0 = Release|x86
		{E749FA1F-A7BD-4B0A-A21C-FE21A7099009}.AppStore|x64.ActiveCfg = Release|x64
		{E749FA1F-A7BD-4B0A-A21C-FE21A7099009}.AppStore|x64.Build.0 = Release|x64
		{E749FA1F-A7BD-4B0A-A21C-FE21A7099009}.AppStore|x64.Deploy.0 = Release|x64
		{E749FA1F-A7BD-4B0A-A21C-FE21A7099009}.AppStore|x86.ActiveCfg = Release|x86
		{E749FA1F-A7BD-4B0A-A21C-FE21A7099009}.AppStore|x86.Build.0 = Release|x86
		{E749FA1F-A7BD-4B0A-A21C-FE21A7099009}.AppStore|x86.Deploy.0 = Release|x86
		{E749FA1F-A7BD-4B0A-A21C-FE21A7099009}.Debug|Any CPU.ActiveCfg = Debug|x86
		{E749FA1F-A7BD-4B0A-A21C-FE21A7099009}.Debug|ARM.ActiveCfg = Debug|ARM
		{E749FA1F-A7BD-4B0A-A21C-FE21A7099009}.Debug|ARM.Build.0 = Debug|ARM
		{E749FA1F-A7BD-4B0A-A21C-FE21A7099009}.Debug|ARM.Deploy.0 = Debug|ARM
		{E749FA1F-A7BD-4B0A-A21C-FE21A7099009}.Debug|iPhone.ActiveCfg = Debug|x86
		{E749FA1F-A7BD-4B0A-A21C-FE21A7099009}.Debug|iPhoneSimulator.ActiveCfg = Debug|x86
		{E749FA1F-A7BD-4B0A-A21C-FE21A7099009}.Debug|x64.ActiveCfg = Debug|x64
		{E749FA1F-A7BD-4B0A-A21C-FE21A7099009}.Debug|x64.Build.0 = Debug|x64
		{E749FA1F-A7BD-4B0A-A21C-FE21A7099009}.Debug|x64.Deploy.0 = Debug|x64
		{E749FA1F-A7BD-4B0A-A21C-FE21A7099009}.Debug|x86.ActiveCfg = Debug|x86
		{E749FA1F-A7BD-4B0A-A21C-FE21A7099009}.Debug|x86.Build.0 = Debug|x86
		{E749FA1F-A7BD-4B0A-A21C-FE21A7099009}.Debug|x86.Deploy.0 = Debug|x86
		{E749FA1F-A7BD-4B0A-A21C-FE21A7099009}.Release|Any CPU.ActiveCfg = Release|x86
		{E749FA1F-A7BD-4B0A-A21C-FE21A7099009}.Release|ARM.ActiveCfg = Release|ARM
		{E749FA1F-A7BD-4B0A-A21C-FE21A7099009}.Release|ARM.Build.0 = Release|ARM
		{E749FA1F-A7BD-4B0A-A21C-FE21A7099009}.Release|ARM.Deploy.0 = Release|ARM
		{E749FA1F-A7BD-4B0A-A21C-FE21A7099009}.Release|iPhone.ActiveCfg = Release|x86
		{E749FA1F-A7BD-4B0A-A21C-FE21A7099009}.Release|iPhoneSimulator.ActiveCfg = Release|x86
		{E749FA1F-A7BD-4B0A-A21C-FE21A7099009}.Release|x64.ActiveCfg = Release|x64
		{E749FA1F-A7BD-4B0A-A21C-FE21A7099009}.Release|x64.Build.0 = Release|x64
		{E749FA1F-A7BD-4B0A-A21C-FE21A7099009}.Release|x64.Deploy.0 = Release|x64
		{E749FA1F-A7BD-4B0A-A21C-FE21A7099009}.Release|x86.ActiveCfg = Release|x86
		{E749FA1F-A7BD-4B0A-A21C-FE21A7099009}.Release|x86.Build.0 = Release|x86
		{E749FA1F-A7BD-4B0A-A21C-FE21A7099009}.Release|x86.Deploy.0 = Release|x86
		{1523C2F4-F3F0-4009-BEA4-9BA288444308}.Ad-Hoc|Any CPU.ActiveCfg = Ad-Hoc|iPhone
		{1523C2F4-F3F0-4009-BEA4-9BA288444308}.Ad-Hoc|ARM.ActiveCfg = Ad-Hoc|iPhone
		{1523C2F4-F3F0-4009-BEA4-9BA288444308}.Ad-Hoc|iPhone.ActiveCfg = Ad-Hoc|iPhone
		{1523C2F4-F3F0-4009-BEA4-9BA288444308}.Ad-Hoc|iPhone.Build.0 = Ad-Hoc|iPhone
		{1523C2F4-F3F0-4009-BEA4-9BA288444308}.Ad-Hoc|iPhoneSimulator.ActiveCfg = Ad-Hoc|iPhoneSimulator
		{1523C2F4-F3F0-4009-BEA4-9BA288444308}.Ad-Hoc|iPhoneSimulator.Build.0 = Ad-Hoc|iPhoneSimulator
		{1523C2F4-F3F0-4009-BEA4-9BA288444308}.Ad-Hoc|x64.ActiveCfg = Ad-Hoc|iPhone
		{1523C2F4-F3F0-4009-BEA4-9BA288444308}.Ad-Hoc|x86.ActiveCfg = Ad-Hoc|iPhone
		{1523C2F4-F3F0-4009-BEA4-9BA288444308}.AppStore|Any CPU.ActiveCfg = AppStore|iPhone
		{1523C2F4-F3F0-4009-BEA4-9BA288444308}.AppStore|ARM.ActiveCfg = AppStore|iPhone
		{1523C2F4-F3F0-4009-BEA4-9BA288444308}.AppStore|iPhone.ActiveCfg = AppStore|iPhone
		{1523C2F4-F3F0-4009-BEA4-9BA288444308}.AppStore|iPhone.Build.0 = AppStore|iPhone
		{1523C2F4-F3F0-4009-BEA4-9BA288444308}.AppStore|iPhoneSimulator.ActiveCfg = AppStore|iPhoneSimulator
		{1523C2F4-F3F0-4009-BEA4-9BA288444308}.AppStore|iPhoneSimulator.Build.0 = AppStore|iPhoneSimulator
		{1523C2F4-F3F0-4009-BEA4-9BA288444308}.AppStore|x64.ActiveCfg = AppStore|iPhone
		{1523C2F4-F3F0-4009-BEA4-9BA288444308}.AppStore|x86.ActiveCfg = AppStore|iPhone
		{1523C2F4-F3F0-4009-BEA4-9BA288444308}.Debug|Any CPU.ActiveCfg = Debug|iPhone
		{1523C2F4-F3F0-4009-BEA4-9BA288444308}.Debug|ARM.ActiveCfg = Debug|iPhone
		{1523C2F4-F3F0-4009-BEA4-9BA288444308}.Debug|iPhone.ActiveCfg = Debug|iPhone
		{1523C2F4-F3F0-4009-BEA4-9BA288444308}.Debug|iPhone.Build.0 = Debug|iPhone
		{1523C2F4-F3F0-4009-BEA4-9BA288444308}.Debug|iPhoneSimulator.ActiveCfg = Debug|iPhoneSimulator
		{1523C2F4-F3F0-4009-BEA4-9BA288444308}.Debug|iPhoneSimulator.Build.0 = Debug|iPhoneSimulator
		{1523C2F4-F3F0-4009-BEA4-9BA288444308}.Debug|x64.ActiveCfg = Debug|iPhone
		{1523C2F4-F3F0-4009-BEA4-9BA288444308}.Debug|x86.ActiveCfg = Debug|iPhone
		{1523C2F4-F3F0-4009-BEA4-9BA288444308}.Release|Any CPU.ActiveCfg = Release|iPhone
		{1523C2F4-F3F0-4009-BEA4-9BA288444308}.Release|ARM.ActiveCfg = Release|iPhone
		{1523C2F4-F3F0-4009-BEA4-9BA288444308}.Release|iPhone.ActiveCfg = Release|iPhone
		{1523C2F4-F3F0-4009-BEA4-9BA288444308}.Release|iPhone.Build.0 = Release|iPhone
		{1523C2F4-F3F0-4009-BEA4-9BA288444308}.Release|iPhoneSimulator.ActiveCfg = Release|iPhoneSimulator
		{1523C2F4-F3F0-4009-BEA4-9BA288444308}.Release|iPhoneSimulator.Build.0 = Release|iPhoneSimulator
		{1523C2F4-F3F0-4009-BEA4-9BA288444308}.Release|x64.ActiveCfg = Release|iPhone
		{1523C2F4-F3F0-4009-BEA4-9BA288444308}.Release|x86.ActiveCfg = Release|iPhone
		{4AE60DC3-3D11-46BF-B8A3-256A2A9857C3}.Ad-Hoc|Any CPU.ActiveCfg = Release|Any CPU
		{4AE60DC3-3D11-46BF-B8A3-256A2A9857C3}.Ad-Hoc|Any CPU.Build.0 = Release|Any CPU
		{4AE60DC3-3D11-46BF-B8A3-256A2A9857C3}.Ad-Hoc|ARM.ActiveCfg = Release|Any CPU
		{4AE60DC3-3D11-46BF-B8A3-256A2A9857C3}.Ad-Hoc|ARM.Build.0 = Release|Any CPU
		{4AE60DC3-3D11-46BF-B8A3-256A2A9857C3}.Ad-Hoc|iPhone.ActiveCfg = Release|Any CPU
		{4AE60DC3-3D11-46BF-B8A3-256A2A9857C3}.Ad-Hoc|iPhone.Build.0 = Release|Any CPU
		{4AE60DC3-3D11-46BF-B8A3-256A2A9857C3}.Ad-Hoc|iPhoneSimulator.ActiveCfg = Release|Any CPU
		{4AE60DC3-3D11-46BF-B8A3-256A2A9857C3}.Ad-Hoc|iPhoneSimulator.Build.0 = Release|Any CPU
		{4AE60DC3-3D11-46BF-B8A3-256A2A9857C3}.Ad-Hoc|x64.ActiveCfg = Release|Any CPU
		{4AE60DC3-3D11-46BF-B8A3-256A2A9857C3}.Ad-Hoc|x64.Build.0 = Release|Any CPU
		{4AE60DC3-3D11-46BF-B8A3-256A2A9857C3}.Ad-Hoc|x86.ActiveCfg = Release|Any CPU
		{4AE60DC3-3D11-46BF-B8A3-256A2A9857C3}.Ad-Hoc|x86.Build.0 = Release|Any CPU
		{4AE60DC3-3D11-46BF-B8A3-256A2A9857C3}.AppStore|Any CPU.ActiveCfg = Release|Any CPU
		{4AE60DC3-3D11-46BF-B8A3-256A2A9857C3}.AppStore|Any CPU.Build.0 = Release|Any CPU
		{4AE60DC3-3D11-46BF-B8A3-256A2A9857C3}.AppStore|ARM.ActiveCfg = Release|Any CPU
		{4AE60DC3-3D11-46BF-B8A3-256A2A9857C3}.AppStore|ARM.Build.0 = Release|Any CPU
		{4AE60DC3-3D11-46BF-B8A3-256A2A9857C3}.AppStore|iPhone.ActiveCfg = Release|Any CPU
		{4AE60DC3-3D11-46BF-B8A3-256A2A9857C3}.AppStore|iPhone.Build.0 = Release|Any CPU
		{4AE60DC3-3D11-46BF-B8A3-256A2A9857C3}.AppStore|iPhoneSimulator.ActiveCfg = Release|Any CPU
		{4AE60DC3-3D11-46BF-B8A3-256A2A9857C3}.AppStore|iPhoneSimulator.Build.0 = Release|Any CPU
		{4AE60DC3-3D11-46BF-B8A3-256A2A9857C3}.AppStore|x64.ActiveCfg = Release|Any CPU
		{4AE60DC3-3D11-46BF-B8A3-256A2A9857C3}.AppStore|x64.Build.0 = Release|Any CPU
		{4AE60DC3-3D11-46BF-B8A3-256A2A9857C3}.AppStore|x86.ActiveCfg = Release|Any CPU
		{4AE60DC3-3D11-46BF-B8A3-256A2A9857C3}.AppStore|x86.Build.0 = Release|Any CPU
		{4AE60DC3-3D11-46BF-B8A3-256A2A9857C3}.Debug|Any CPU.ActiveCfg = Debug|Any CPU
		{4AE60DC3-3D11-46BF-B8A3-256A2A9857C3}.Debug|Any CPU.Build.0 = Debug|Any CPU
		{4AE60DC3-3D11-46BF-B8A3-256A2A9857C3}.Debug|ARM.ActiveCfg = Debug|Any CPU
		{4AE60DC3-3D11-46BF-B8A3-256A2A9857C3}.Debug|ARM.Build.0 = Debug|Any CPU
		{4AE60DC3-3D11-46BF-B8A3-256A2A9857C3}.Debug|iPhone.ActiveCfg = Debug|Any CPU
		{4AE60DC3-3D11-46BF-B8A3-256A2A9857C3}.Debug|iPhone.Build.0 = Debug|Any CPU
		{4AE60DC3-3D11-46BF-B8A3-256A2A9857C3}.Debug|iPhoneSimulator.ActiveCfg = Debug|Any CPU
		{4AE60DC3-3D11-46BF-B8A3-256A2A9857C3}.Debug|iPhoneSimulator.Build.0 = Debug|Any CPU
		{4AE60DC3-3D11-46BF-B8A3-256A2A9857C3}.Debug|x64.ActiveCfg = Debug|Any CPU
		{4AE60DC3-3D11-46BF-B8A3-256A2A9857C3}.Debug|x64.Build.0 = Debug|Any CPU
		{4AE60DC3-3D11-46BF-B8A3-256A2A9857C3}.Debug|x86.ActiveCfg = Debug|Any CPU
		{4AE60DC3-3D11-46BF-B8A3-256A2A9857C3}.Debug|x86.Build.0 = Debug|Any CPU
		{4AE60DC3-3D11-46BF-B8A3-256A2A9857C3}.Release|Any CPU.ActiveCfg = Release|Any CPU
		{4AE60DC3-3D11-46BF-B8A3-256A2A9857C3}.Release|Any CPU.Build.0 = Release|Any CPU
		{4AE60DC3-3D11-46BF-B8A3-256A2A9857C3}.Release|ARM.ActiveCfg = Release|Any CPU
		{4AE60DC3-3D11-46BF-B8A3-256A2A9857C3}.Release|ARM.Build.0 = Release|Any CPU
		{4AE60DC3-3D11-46BF-B8A3-256A2A9857C3}.Release|iPhone.ActiveCfg = Release|Any CPU
		{4AE60DC3-3D11-46BF-B8A3-256A2A9857C3}.Release|iPhone.Build.0 = Release|Any CPU
		{4AE60DC3-3D11-46BF-B8A3-256A2A9857C3}.Release|iPhoneSimulator.ActiveCfg = Release|Any CPU
		{4AE60DC3-3D11-46BF-B8A3-256A2A9857C3}.Release|iPhoneSimulator.Build.0 = Release|Any CPU
		{4AE60DC3-3D11-46BF-B8A3-256A2A9857C3}.Release|x64.ActiveCfg = Release|Any CPU
		{4AE60DC3-3D11-46BF-B8A3-256A2A9857C3}.Release|x64.Build.0 = Release|Any CPU
		{4AE60DC3-3D11-46BF-B8A3-256A2A9857C3}.Release|x86.ActiveCfg = Release|Any CPU
		{4AE60DC3-3D11-46BF-B8A3-256A2A9857C3}.Release|x86.Build.0 = Release|Any CPU
		{302F64C0-90C5-45BB-AA54-23E0BDDBA241}.Ad-Hoc|Any CPU.ActiveCfg = Release|Any CPU
		{302F64C0-90C5-45BB-AA54-23E0BDDBA241}.Ad-Hoc|Any CPU.Build.0 = Release|Any CPU
		{302F64C0-90C5-45BB-AA54-23E0BDDBA241}.Ad-Hoc|ARM.ActiveCfg = Release|Any CPU
		{302F64C0-90C5-45BB-AA54-23E0BDDBA241}.Ad-Hoc|ARM.Build.0 = Release|Any CPU
		{302F64C0-90C5-45BB-AA54-23E0BDDBA241}.Ad-Hoc|iPhone.ActiveCfg = Release|Any CPU
		{302F64C0-90C5-45BB-AA54-23E0BDDBA241}.Ad-Hoc|iPhone.Build.0 = Release|Any CPU
		{302F64C0-90C5-45BB-AA54-23E0BDDBA241}.Ad-Hoc|iPhoneSimulator.ActiveCfg = Release|Any CPU
		{302F64C0-90C5-45BB-AA54-23E0BDDBA241}.Ad-Hoc|iPhoneSimulator.Build.0 = Release|Any CPU
		{302F64C0-90C5-45BB-AA54-23E0BDDBA241}.Ad-Hoc|x64.ActiveCfg = Release|Any CPU
		{302F64C0-90C5-45BB-AA54-23E0BDDBA241}.Ad-Hoc|x64.Build.0 = Release|Any CPU
		{302F64C0-90C5-45BB-AA54-23E0BDDBA241}.Ad-Hoc|x86.ActiveCfg = Release|Any CPU
		{302F64C0-90C5-45BB-AA54-23E0BDDBA241}.Ad-Hoc|x86.Build.0 = Release|Any CPU
		{302F64C0-90C5-45BB-AA54-23E0BDDBA241}.AppStore|Any CPU.ActiveCfg = Release|Any CPU
		{302F64C0-90C5-45BB-AA54-23E0BDDBA241}.AppStore|Any CPU.Build.0 = Release|Any CPU
		{302F64C0-90C5-45BB-AA54-23E0BDDBA241}.AppStore|ARM.ActiveCfg = Release|Any CPU
		{302F64C0-90C5-45BB-AA54-23E0BDDBA241}.AppStore|ARM.Build.0 = Release|Any CPU
		{302F64C0-90C5-45BB-AA54-23E0BDDBA241}.AppStore|iPhone.ActiveCfg = Release|Any CPU
		{302F64C0-90C5-45BB-AA54-23E0BDDBA241}.AppStore|iPhone.Build.0 = Release|Any CPU
		{302F64C0-90C5-45BB-AA54-23E0BDDBA241}.AppStore|iPhoneSimulator.ActiveCfg = Release|Any CPU
		{302F64C0-90C5-45BB-AA54-23E0BDDBA241}.AppStore|iPhoneSimulator.Build.0 = Release|Any CPU
		{302F64C0-90C5-45BB-AA54-23E0BDDBA241}.AppStore|x64.ActiveCfg = Release|Any CPU
		{302F64C0-90C5-45BB-AA54-23E0BDDBA241}.AppStore|x64.Build.0 = Release|Any CPU
		{302F64C0-90C5-45BB-AA54-23E0BDDBA241}.AppStore|x86.ActiveCfg = Release|Any CPU
		{302F64C0-90C5-45BB-AA54-23E0BDDBA241}.AppStore|x86.Build.0 = Release|Any CPU
		{302F64C0-90C5-45BB-AA54-23E0BDDBA241}.Debug|Any CPU.ActiveCfg = Debug|Any CPU
		{302F64C0-90C5-45BB-AA54-23E0BDDBA241}.Debug|Any CPU.Build.0 = Debug|Any CPU
		{302F64C0-90C5-45BB-AA54-23E0BDDBA241}.Debug|ARM.ActiveCfg = Debug|Any CPU
		{302F64C0-90C5-45BB-AA54-23E0BDDBA241}.Debug|ARM.Build.0 = Debug|Any CPU
		{302F64C0-90C5-45BB-AA54-23E0BDDBA241}.Debug|iPhone.ActiveCfg = Debug|Any CPU
		{302F64C0-90C5-45BB-AA54-23E0BDDBA241}.Debug|iPhone.Build.0 = Debug|Any CPU
		{302F64C0-90C5-45BB-AA54-23E0BDDBA241}.Debug|iPhoneSimulator.ActiveCfg = Debug|Any CPU
		{302F64C0-90C5-45BB-AA54-23E0BDDBA241}.Debug|iPhoneSimulator.Build.0 = Debug|Any CPU
		{302F64C0-90C5-45BB-AA54-23E0BDDBA241}.Debug|x64.ActiveCfg = Debug|Any CPU
		{302F64C0-90C5-45BB-AA54-23E0BDDBA241}.Debug|x64.Build.0 = Debug|Any CPU
		{302F64C0-90C5-45BB-AA54-23E0BDDBA241}.Debug|x86.ActiveCfg = Debug|Any CPU
		{302F64C0-90C5-45BB-AA54-23E0BDDBA241}.Debug|x86.Build.0 = Debug|Any CPU
		{302F64C0-90C5-45BB-AA54-23E0BDDBA241}.Release|Any CPU.ActiveCfg = Release|Any CPU
		{302F64C0-90C5-45BB-AA54-23E0BDDBA241}.Release|Any CPU.Build.0 = Release|Any CPU
		{302F64C0-90C5-45BB-AA54-23E0BDDBA241}.Release|ARM.ActiveCfg = Release|Any CPU
		{302F64C0-90C5-45BB-AA54-23E0BDDBA241}.Release|ARM.Build.0 = Release|Any CPU
		{302F64C0-90C5-45BB-AA54-23E0BDDBA241}.Release|iPhone.ActiveCfg = Release|Any CPU
		{302F64C0-90C5-45BB-AA54-23E0BDDBA241}.Release|iPhone.Build.0 = Release|Any CPU
		{302F64C0-90C5-45BB-AA54-23E0BDDBA241}.Release|iPhoneSimulator.ActiveCfg = Release|Any CPU
		{302F64C0-90C5-45BB-AA54-23E0BDDBA241}.Release|iPhoneSimulator.Build.0 = Release|Any CPU
		{302F64C0-90C5-45BB-AA54-23E0BDDBA241}.Release|x64.ActiveCfg = Release|Any CPU
		{302F64C0-90C5-45BB-AA54-23E0BDDBA241}.Release|x64.Build.0 = Release|Any CPU
		{302F64C0-90C5-45BB-AA54-23E0BDDBA241}.Release|x86.ActiveCfg = Release|Any CPU
		{302F64C0-90C5-45BB-AA54-23E0BDDBA241}.Release|x86.Build.0 = Release|Any CPU
		{385E3624-23E0-413D-A290-8A23BB7B62EB}.Ad-Hoc|Any CPU.ActiveCfg = Release|Any CPU
		{385E3624-23E0-413D-A290-8A23BB7B62EB}.Ad-Hoc|Any CPU.Build.0 = Release|Any CPU
		{385E3624-23E0-413D-A290-8A23BB7B62EB}.Ad-Hoc|ARM.ActiveCfg = Release|Any CPU
		{385E3624-23E0-413D-A290-8A23BB7B62EB}.Ad-Hoc|ARM.Build.0 = Release|Any CPU
		{385E3624-23E0-413D-A290-8A23BB7B62EB}.Ad-Hoc|iPhone.ActiveCfg = Release|Any CPU
		{385E3624-23E0-413D-A290-8A23BB7B62EB}.Ad-Hoc|iPhone.Build.0 = Release|Any CPU
		{385E3624-23E0-413D-A290-8A23BB7B62EB}.Ad-Hoc|iPhoneSimulator.ActiveCfg = Release|Any CPU
		{385E3624-23E0-413D-A290-8A23BB7B62EB}.Ad-Hoc|iPhoneSimulator.Build.0 = Release|Any CPU
		{385E3624-23E0-413D-A290-8A23BB7B62EB}.Ad-Hoc|x64.ActiveCfg = Release|Any CPU
		{385E3624-23E0-413D-A290-8A23BB7B62EB}.Ad-Hoc|x64.Build.0 = Release|Any CPU
		{385E3624-23E0-413D-A290-8A23BB7B62EB}.Ad-Hoc|x86.ActiveCfg = Release|Any CPU
		{385E3624-23E0-413D-A290-8A23BB7B62EB}.Ad-Hoc|x86.Build.0 = Release|Any CPU
		{385E3624-23E0-413D-A290-8A23BB7B62EB}.AppStore|Any CPU.ActiveCfg = Release|Any CPU
		{385E3624-23E0-413D-A290-8A23BB7B62EB}.AppStore|Any CPU.Build.0 = Release|Any CPU
		{385E3624-23E0-413D-A290-8A23BB7B62EB}.AppStore|ARM.ActiveCfg = Release|Any CPU
		{385E3624-23E0-413D-A290-8A23BB7B62EB}.AppStore|ARM.Build.0 = Release|Any CPU
		{385E3624-23E0-413D-A290-8A23BB7B62EB}.AppStore|iPhone.ActiveCfg = Release|Any CPU
		{385E3624-23E0-413D-A290-8A23BB7B62EB}.AppStore|iPhone.Build.0 = Release|Any CPU
		{385E3624-23E0-413D-A290-8A23BB7B62EB}.AppStore|iPhoneSimulator.ActiveCfg = Release|Any CPU
		{385E3624-23E0-413D-A290-8A23BB7B62EB}.AppStore|iPhoneSimulator.Build.0 = Release|Any CPU
		{385E3624-23E0-413D-A290-8A23BB7B62EB}.AppStore|x64.ActiveCfg = Release|Any CPU
		{385E3624-23E0-413D-A290-8A23BB7B62EB}.AppStore|x64.Build.0 = Release|Any CPU
		{385E3624-23E0-413D-A290-8A23BB7B62EB}.AppStore|x86.ActiveCfg = Release|Any CPU
		{385E3624-23E0-413D-A290-8A23BB7B62EB}.AppStore|x86.Build.0 = Release|Any CPU
		{385E3624-23E0-413D-A290-8A23BB7B62EB}.Debug|Any CPU.ActiveCfg = Debug|Any CPU
		{385E3624-23E0-413D-A290-8A23BB7B62EB}.Debug|Any CPU.Build.0 = Debug|Any CPU
		{385E3624-23E0-413D-A290-8A23BB7B62EB}.Debug|ARM.ActiveCfg = Debug|Any CPU
		{385E3624-23E0-413D-A290-8A23BB7B62EB}.Debug|ARM.Build.0 = Debug|Any CPU
		{385E3624-23E0-413D-A290-8A23BB7B62EB}.Debug|iPhone.ActiveCfg = Debug|Any CPU
		{385E3624-23E0-413D-A290-8A23BB7B62EB}.Debug|iPhone.Build.0 = Debug|Any CPU
		{385E3624-23E0-413D-A290-8A23BB7B62EB}.Debug|iPhoneSimulator.ActiveCfg = Debug|Any CPU
		{385E3624-23E0-413D-A290-8A23BB7B62EB}.Debug|iPhoneSimulator.Build.0 = Debug|Any CPU
		{385E3624-23E0-413D-A290-8A23BB7B62EB}.Debug|x64.ActiveCfg = Debug|Any CPU
		{385E3624-23E0-413D-A290-8A23BB7B62EB}.Debug|x64.Build.0 = Debug|Any CPU
		{385E3624-23E0-413D-A290-8A23BB7B62EB}.Debug|x86.ActiveCfg = Debug|Any CPU
		{385E3624-23E0-413D-A290-8A23BB7B62EB}.Debug|x86.Build.0 = Debug|Any CPU
		{385E3624-23E0-413D-A290-8A23BB7B62EB}.Release|Any CPU.ActiveCfg = Release|Any CPU
		{385E3624-23E0-413D-A290-8A23BB7B62EB}.Release|Any CPU.Build.0 = Release|Any CPU
		{385E3624-23E0-413D-A290-8A23BB7B62EB}.Release|ARM.ActiveCfg = Release|Any CPU
		{385E3624-23E0-413D-A290-8A23BB7B62EB}.Release|ARM.Build.0 = Release|Any CPU
		{385E3624-23E0-413D-A290-8A23BB7B62EB}.Release|iPhone.ActiveCfg = Release|Any CPU
		{385E3624-23E0-413D-A290-8A23BB7B62EB}.Release|iPhone.Build.0 = Release|Any CPU
		{385E3624-23E0-413D-A290-8A23BB7B62EB}.Release|iPhoneSimulator.ActiveCfg = Release|Any CPU
		{385E3624-23E0-413D-A290-8A23BB7B62EB}.Release|iPhoneSimulator.Build.0 = Release|Any CPU
		{385E3624-23E0-413D-A290-8A23BB7B62EB}.Release|x64.ActiveCfg = Release|Any CPU
		{385E3624-23E0-413D-A290-8A23BB7B62EB}.Release|x64.Build.0 = Release|Any CPU
		{385E3624-23E0-413D-A290-8A23BB7B62EB}.Release|x86.ActiveCfg = Release|Any CPU
		{385E3624-23E0-413D-A290-8A23BB7B62EB}.Release|x86.Build.0 = Release|Any CPU
	EndGlobalSection
	GlobalSection(SolutionProperties) = preSolution
		HideSolutionNode = FALSE
	EndGlobalSection
	GlobalSection(ExtensibilityGlobals) = postSolution
		SolutionGuid = {80FB01ED-3B2A-4B68-ACC5-CCB6B66602B7}
	EndGlobalSection
EndGlobal
